
Microsoft Visual Studio Solution File, Format Version 12.00
# Visual Studio Version 17
VisualStudioVersion = 17.12.35707.178
MinimumVisualStudioVersion = 10.0.40219.1
Project("{FAE04EC0-301F-11D3-BF4B-00C04F79EFBC}") = "Movies.API", "Movies.API\Movies.API.csproj", "{A6022548-CA9C-4A06-BB91-4C48D97EDDA7}"
EndProject
Project("{FAE04EC0-301F-11D3-BF4B-00C04F79EFBC}") = "IdentityServer", "IdentityServer\IdentityServer.csproj", "{D0DEC509-07FA-4B4E-B734-6A038BD49602}"
EndProject
Project("{FAE04EC0-301F-11D3-BF4B-00C04F79EFBC}") = "Movies.Client", "Movies.Client\Movies.Client.csproj", "{ACADC9B0-6C50-44A9-8A46-4F9DFC9BE93C}"
EndProject
Project("{FAE04EC0-301F-11D3-BF4B-00C04F79EFBC}") = "BuildingBlock", "BuildingBlock\BuildingBlock.csproj", "{EE148E45-07C1-4E39-85A3-CFB521DEA226}"
EndProject
Global
	GlobalSection(SolutionConfigurationPlatforms) = preSolution
		Debug|Any CPU = Debug|Any CPU
		Release|Any CPU = Release|Any CPU
	EndGlobalSection
	GlobalSection(ProjectConfigurationPlatforms) = postSolution
		{A6022548-CA9C-4A06-BB91-4C48D97EDDA7}.Debug|Any CPU.ActiveCfg = Debug|Any CPU
		{A6022548-CA9C-4A06-BB91-4C48D97EDDA7}.Debug|Any CPU.Build.0 = Debug|Any CPU
		{A6022548-CA9C-4A06-BB91-4C48D97EDDA7}.Release|Any CPU.ActiveCfg = Release|Any CPU
		{A6022548-CA9C-4A06-BB91-4C48D97EDDA7}.Release|Any CPU.Build.0 = Release|Any CPU
		{D0DEC509-07FA-4B4E-B734-6A038BD49602}.Debug|Any CPU.ActiveCfg = Debug|Any CPU
		{D0DEC509-07FA-4B4E-B734-6A038BD49602}.Debug|Any CPU.Build.0 = Debug|Any CPU
		{D0DEC509-07FA-4B4E-B734-6A038BD49602}.Release|Any CPU.ActiveCfg = Release|Any CPU
		{D0DEC509-07FA-4B4E-B734-6A038BD49602}.Release|Any CPU.Build.0 = Release|Any CPU
		{ACADC9B0-6C50-44A9-8A46-4F9DFC9BE93C}.Debug|Any CPU.ActiveCfg = Debug|Any CPU
		{ACADC9B0-6C50-44A9-8A46-4F9DFC9BE93C}.Debug|Any CPU.Build.0 = Debug|Any CPU
		{ACADC9B0-6C50-44A9-8A46-4F9DFC9BE93C}.Release|Any CPU.ActiveCfg = Release|Any CPU
		{ACADC9B0-6C50-44A9-8A46-4F9DFC9BE93C}.Release|Any CPU.Build.0 = Release|Any CPU
		{EE148E45-07C1-4E39-85A3-CFB521DEA226}.Debug|Any CPU.ActiveCfg = Debug|Any CPU
		{EE148E45-07C1-4E39-85A3-CFB521DEA226}.Debug|Any CPU.Build.0 = Debug|Any CPU
		{EE148E45-07C1-4E39-85A3-CFB521DEA226}.Release|Any CPU.ActiveCfg = Release|Any CPU
		{EE148E45-07C1-4E39-85A3-CFB521DEA226}.Release|Any CPU.Build.0 = Release|Any CPU
	EndGlobalSection
	GlobalSection(SolutionProperties) = preSolution
		HideSolutionNode = FALSE
	EndGlobalSection
EndGlobal
